
Microsoft Visual Studio Solution File, Format Version 12.00
# Visual Studio Version 16
VisualStudioVersion = 16.0.31729.503
MinimumVisualStudioVersion = 10.0.40219.1
Project("{FAE04EC0-301F-11D3-BF4B-00C04F79EFBC}") = "Heranca", "Heranca.csproj", "{0894C844-22E6-4595-9AB1-2C2AE607BAD4}"
EndProject
Global
	GlobalSection(SolutionConfigurationPlatforms) = preSolution
		Debug|Any CPU = Debug|Any CPU
		Release|Any CPU = Release|Any CPU
	EndGlobalSection
	GlobalSection(ProjectConfigurationPlatforms) = postSolution
		{0894C844-22E6-4595-9AB1-2C2AE607BAD4}.Debug|Any CPU.ActiveCfg = Debug|Any CPU
		{0894C844-22E6-4595-9AB1-2C2AE607BAD4}.Debug|Any CPU.Build.0 = Debug|Any CPU
		{0894C844-22E6-4595-9AB1-2C2AE607BAD4}.Release|Any CPU.ActiveCfg = Release|Any CPU
		{0894C844-22E6-4595-9AB1-2C2AE607BAD4}.Release|Any CPU.Build.0 = Release|Any CPU
	EndGlobalSection
	GlobalSection(SolutionProperties) = preSolution
		HideSolutionNode = FALSE
	EndGlobalSection
	GlobalSection(ExtensibilityGlobals) = postSolution
		SolutionGuid = {68E0DDAF-C285-4852-BA43-D04486F6C1B1}
	EndGlobalSection
EndGlobal
