
Microsoft Visual Studio Solution File, Format Version 12.00
# Visual Studio Version 16
VisualStudioVersion = 16.0.31729.503
MinimumVisualStudioVersion = 10.0.40219.1
Project("{FAE04EC0-301F-11D3-BF4B-00C04F79EFBC}") = "PooHeranca", "PooHeranca.csproj", "{1A554ADA-D9C3-4E6A-82E5-F2E5E90507EB}"
EndProject
Global
	GlobalSection(SolutionConfigurationPlatforms) = preSolution
		Debug|Any CPU = Debug|Any CPU
		Release|Any CPU = Release|Any CPU
	EndGlobalSection
	GlobalSection(ProjectConfigurationPlatforms) = postSolution
		{1A554ADA-D9C3-4E6A-82E5-F2E5E90507EB}.Debug|Any CPU.ActiveCfg = Debug|Any CPU
		{1A554ADA-D9C3-4E6A-82E5-F2E5E90507EB}.Debug|Any CPU.Build.0 = Debug|Any CPU
		{1A554ADA-D9C3-4E6A-82E5-F2E5E90507EB}.Release|Any CPU.ActiveCfg = Release|Any CPU
		{1A554ADA-D9C3-4E6A-82E5-F2E5E90507EB}.Release|Any CPU.Build.0 = Release|Any CPU
	EndGlobalSection
	GlobalSection(SolutionProperties) = preSolution
		HideSolutionNode = FALSE
	EndGlobalSection
	GlobalSection(ExtensibilityGlobals) = postSolution
		SolutionGuid = {9DAAEA10-8743-4129-AE3E-AC5FBD496D55}
	EndGlobalSection
EndGlobal
